lockfileVersion: '6.0'

settings:
  autoInstallPeers: true
  excludeLinksFromLockfile: false

devDependencies:
  '@girs/gjs':
    specifier: ^3.2.5
    version: 3.2.5
  '@girs/gnome-shell':
    specifier: ^3.0.0
    version: 3.0.0
  '@girs/st-13':
    specifier: 13.0.0-3.2.5
    version: 13.0.0-3.2.5
  adm-zip:
    specifier: ^0.5.10
    version: 0.5.10
  esbuild:
    specifier: ^0.19.5
    version: 0.19.5
  nodemon:
    specifier: ^2.0.22
    version: 2.0.22
  tsm:
    specifier: ^2.3.0
    version: 2.3.0
  typescript:
    specifier: ^4.9.5
    version: 4.9.5

packages:

  /@esbuild/android-arm64@0.19.5:
    resolution: {integrity: sha512-5d1OkoJxnYQfmC+Zd8NBFjkhyCNYwM4n9ODrycTFY6Jk1IGiZ+tjVJDDSwDt77nK+tfpGP4T50iMtVi4dEGzhQ==}
    engines: {node: '>=12'}
    cpu: [arm64]
    os: [android]
    requiresBuild: true
    dev: true
    optional: true

  /@esbuild/android-arm@0.15.18:
    resolution: {integrity: sha512-5GT+kcs2WVGjVs7+boataCkO5Fg0y4kCjzkB5bAip7H4jfnOS3dA6KPiww9W1OEKTKeAcUVhdZGvgI65OXmUnw==}
    engines: {node: '>=12'}
    cpu: [arm]
    os: [android]
    requiresBuild: true
    dev: true
    optional: true

  /@esbuild/android-arm@0.19.5:
    resolution: {integrity: sha512-bhvbzWFF3CwMs5tbjf3ObfGqbl/17ict2/uwOSfr3wmxDE6VdS2GqY/FuzIPe0q0bdhj65zQsvqfArI9MY6+AA==}
    engines: {node: '>=12'}
    cpu: [arm]
    os: [android]
    requiresBuild: true
    dev: true
    optional: true

  /@esbuild/android-x64@0.19.5:
    resolution: {integrity: sha512-9t+28jHGL7uBdkBjL90QFxe7DVA+KGqWlHCF8ChTKyaKO//VLuoBricQCgwhOjA1/qOczsw843Fy4cbs4H3DVA==}
    engines: {node: '>=12'}
    cpu: [x64]
    os: [android]
    requiresBuild: true
    dev: true
    optional: true

  /@esbuild/darwin-arm64@0.19.5:
    resolution: {integrity: sha512-mvXGcKqqIqyKoxq26qEDPHJuBYUA5KizJncKOAf9eJQez+L9O+KfvNFu6nl7SCZ/gFb2QPaRqqmG0doSWlgkqw==}
    engines: {node: '>=12'}
    cpu: [arm64]
    os: [darwin]
    requiresBuild: true
    dev: true
    optional: true

  /@esbuild/darwin-x64@0.19.5:
    resolution: {integrity: sha512-Ly8cn6fGLNet19s0X4unjcniX24I0RqjPv+kurpXabZYSXGM4Pwpmf85WHJN3lAgB8GSth7s5A0r856S+4DyiA==}
    engines: {node: '>=12'}
    cpu: [x64]
    os: [darwin]
    requiresBuild: true
    dev: true
    optional: true

  /@esbuild/freebsd-arm64@0.19.5:
    resolution: {integrity: sha512-GGDNnPWTmWE+DMchq1W8Sd0mUkL+APvJg3b11klSGUDvRXh70JqLAO56tubmq1s2cgpVCSKYywEiKBfju8JztQ==}
    engines: {node: '>=12'}
    cpu: [arm64]
    os: [freebsd]
    requiresBuild: true
    dev: true
    optional: true

  /@esbuild/freebsd-x64@0.19.5:
    resolution: {integrity: sha512-1CCwDHnSSoA0HNwdfoNY0jLfJpd7ygaLAp5EHFos3VWJCRX9DMwWODf96s9TSse39Br7oOTLryRVmBoFwXbuuQ==}
    engines: {node: '>=12'}
    cpu: [x64]
    os: [freebsd]
    requiresBuild: true
    dev: true
    optional: true

  /@esbuild/linux-arm64@0.19.5:
    resolution: {integrity: sha512-o3vYippBmSrjjQUCEEiTZ2l+4yC0pVJD/Dl57WfPwwlvFkrxoSO7rmBZFii6kQB3Wrn/6GwJUPLU5t52eq2meA==}
    engines: {node: '>=12'}
    cpu: [arm64]
    os: [linux]
    requiresBuild: true
    dev: true
    optional: true

  /@esbuild/linux-arm@0.19.5:
    resolution: {integrity: sha512-lrWXLY/vJBzCPC51QN0HM71uWgIEpGSjSZZADQhq7DKhPcI6NH1IdzjfHkDQws2oNpJKpR13kv7/pFHBbDQDwQ==}
    engines: {node: '>=12'}
    cpu: [arm]
    os: [linux]
    requiresBuild: true
    dev: true
    optional: true

  /@esbuild/linux-ia32@0.19.5:
    resolution: {integrity: sha512-MkjHXS03AXAkNp1KKkhSKPOCYztRtK+KXDNkBa6P78F8Bw0ynknCSClO/ztGszILZtyO/lVKpa7MolbBZ6oJtQ==}
    engines: {node: '>=12'}
    cpu: [ia32]
    os: [linux]
    requiresBuild: true
    dev: true
    optional: true

  /@esbuild/linux-loong64@0.15.18:
    resolution: {integrity: sha512-L4jVKS82XVhw2nvzLg/19ClLWg0y27ulRwuP7lcyL6AbUWB5aPglXY3M21mauDQMDfRLs8cQmeT03r/+X3cZYQ==}
    engines: {node: '>=12'}
    cpu: [loong64]
    os: [linux]
    requiresBuild: true
    dev: true
    optional: true

  /@esbuild/linux-loong64@0.19.5:
    resolution: {integrity: sha512-42GwZMm5oYOD/JHqHska3Jg0r+XFb/fdZRX+WjADm3nLWLcIsN27YKtqxzQmGNJgu0AyXg4HtcSK9HuOk3v1Dw==}
    engines: {node: '>=12'}
    cpu: [loong64]
    os: [linux]
    requiresBuild: true
    dev: true
    optional: true

  /@esbuild/linux-mips64el@0.19.5:
    resolution: {integrity: sha512-kcjndCSMitUuPJobWCnwQ9lLjiLZUR3QLQmlgaBfMX23UEa7ZOrtufnRds+6WZtIS9HdTXqND4yH8NLoVVIkcg==}
    engines: {node: '>=12'}
    cpu: [mips64el]
    os: [linux]
    requiresBuild: true
    dev: true
    optional: true

  /@esbuild/linux-ppc64@0.19.5:
    resolution: {integrity: sha512-yJAxJfHVm0ZbsiljbtFFP1BQKLc8kUF6+17tjQ78QjqjAQDnhULWiTA6u0FCDmYT1oOKS9PzZ2z0aBI+Mcyj7Q==}
    engines: {node: '>=12'}
    cpu: [ppc64]
    os: [linux]
    requiresBuild: true
    dev: true
    optional: true

  /@esbuild/linux-riscv64@0.19.5:
    resolution: {integrity: sha512-5u8cIR/t3gaD6ad3wNt1MNRstAZO+aNyBxu2We8X31bA8XUNyamTVQwLDA1SLoPCUehNCymhBhK3Qim1433Zag==}
    engines: {node: '>=12'}
    cpu: [riscv64]
    os: [linux]
    requiresBuild: true
    dev: true
    optional: true

  /@esbuild/linux-s390x@0.19.5:
    resolution: {integrity: sha512-Z6JrMyEw/EmZBD/OFEFpb+gao9xJ59ATsoTNlj39jVBbXqoZm4Xntu6wVmGPB/OATi1uk/DB+yeDPv2E8PqZGw==}
    engines: {node: '>=12'}
    cpu: [s390x]
    os: [linux]
    requiresBuild: true
    dev: true
    optional: true

  /@esbuild/linux-x64@0.19.5:
    resolution: {integrity: sha512-psagl+2RlK1z8zWZOmVdImisMtrUxvwereIdyJTmtmHahJTKb64pAcqoPlx6CewPdvGvUKe2Jw+0Z/0qhSbG1A==}
    engines: {node: '>=12'}
    cpu: [x64]
    os: [linux]
    requiresBuild: true
    dev: true
    optional: true

  /@esbuild/netbsd-x64@0.19.5:
    resolution: {integrity: sha512-kL2l+xScnAy/E/3119OggX8SrWyBEcqAh8aOY1gr4gPvw76la2GlD4Ymf832UCVbmuWeTf2adkZDK+h0Z/fB4g==}
    engines: {node: '>=12'}
    cpu: [x64]
    os: [netbsd]
    requiresBuild: true
    dev: true
    optional: true

  /@esbuild/openbsd-x64@0.19.5:
    resolution: {integrity: sha512-sPOfhtzFufQfTBgRnE1DIJjzsXukKSvZxloZbkJDG383q0awVAq600pc1nfqBcl0ice/WN9p4qLc39WhBShRTA==}
    engines: {node: '>=12'}
    cpu: [x64]
    os: [openbsd]
    requiresBuild: true
    dev: true
    optional: true

  /@esbuild/sunos-x64@0.19.5:
    resolution: {integrity: sha512-dGZkBXaafuKLpDSjKcB0ax0FL36YXCvJNnztjKV+6CO82tTYVDSH2lifitJ29jxRMoUhgkg9a+VA/B03WK5lcg==}
    engines: {node: '>=12'}
    cpu: [x64]
    os: [sunos]
    requiresBuild: true
    dev: true
    optional: true

  /@esbuild/win32-arm64@0.19.5:
    resolution: {integrity: sha512-dWVjD9y03ilhdRQ6Xig1NWNgfLtf2o/STKTS+eZuF90fI2BhbwD6WlaiCGKptlqXlURVB5AUOxUj09LuwKGDTg==}
    engines: {node: '>=12'}
    cpu: [arm64]
    os: [win32]
    requiresBuild: true
    dev: true
    optional: true

  /@esbuild/win32-ia32@0.19.5:
    resolution: {integrity: sha512-4liggWIA4oDgUxqpZwrDhmEfAH4d0iljanDOK7AnVU89T6CzHon/ony8C5LeOdfgx60x5cnQJFZwEydVlYx4iw==}
    engines: {node: '>=12'}
    cpu: [ia32]
    os: [win32]
    requiresBuild: true
    dev: true
    optional: true

  /@esbuild/win32-x64@0.19.5:
    resolution: {integrity: sha512-czTrygUsB/jlM8qEW5MD8bgYU2Xg14lo6kBDXW6HdxKjh8M5PzETGiSHaz9MtbXBYDloHNUAUW2tMiKW4KM9Mw==}
    engines: {node: '>=12'}
    cpu: [x64]
    os: [win32]
    requiresBuild: true
    dev: true
    optional: true

  /@girs/atk-1.0@2.45.1-3.2.2:
    resolution: {integrity: sha512-+ba+w8s3CuIHBXNtfUtqbMy+lpa+SxY+ksu5i9QSINvKod6RHXSglXYiRAjKsP3nVyTc+FaF7ymYvqGbM42HHw==}
    dependencies:
      '@girs/gjs': 3.2.5
      '@girs/glib-2.0': 2.77.0-3.2.2
      '@girs/gobject-2.0': 2.77.0-3.2.2
    dev: true

  /@girs/atk-1.0@2.50.0-3.2.5:
    resolution: {integrity: sha512-L4ZP7+ChICTYNLPQo6ok3kgZFVV0lrpRSA3KRTgz1Xzosby7ATxN4lSp+FY62IPutR494xp7t76lzaetJOoA8A==}
    dependencies:
      '@girs/gjs': 3.2.5
      '@girs/glib-2.0': 2.78.0-3.2.5
      '@girs/gobject-2.0': 2.78.0-3.2.5
    dev: true

  /@girs/cairo-1.0@1.0.0-3.2.5:
    resolution: {integrity: sha512-KUaNKNNgwh8MKqc/tzDQfW3DbXug4jPZtmnbazHfN1q34eBpOrtG5UaK7m3XKOeoFo1KbbKsPQHJyCAs7ZFIUQ==}
    dependencies:
      '@girs/gjs': 3.2.5
      '@girs/glib-2.0': 2.78.0-3.2.5
      '@girs/gobject-2.0': 2.78.0-3.2.5
    dev: true

  /@girs/cally-12@12.0.0-3.2.5:
    resolution: {integrity: sha512-Vas9m4alTHlOUt5vTDezATFMiugto7jkM47uz5hTYJRqgFue9Y2e54zsKB3EzV8QQJiNM4lZ5IjcWDpbIt53aw==}
    dependencies:
      '@girs/atk-1.0': 2.50.0-3.2.5
      '@girs/cairo-1.0': 1.0.0-3.2.5
      '@girs/clutter-12': 12.0.0-3.2.5
      '@girs/cogl-12': 12.0.0-3.2.5
      '@girs/coglpango-12': 12.0.0-3.2.5
      '@girs/freetype2-2.0': 2.0.0-3.2.5
      '@girs/gio-2.0': 2.78.0-3.2.5
      '@girs/gjs': 3.2.5
      '@girs/gl-1.0': 1.0.0-3.2.5
      '@girs/glib-2.0': 2.78.0-3.2.5
      '@girs/gobject-2.0': 2.78.0-3.2.5
      '@girs/graphene-1.0': 1.0.0-3.2.5
      '@girs/harfbuzz-0.0': 8.2.1-3.2.5
      '@girs/json-1.0': 1.7.1-3.2.5
      '@girs/pango-1.0': 1.51.0-3.2.5
      '@girs/pangocairo-1.0': 1.0.0-3.2.5
    dev: true

  /@girs/cally-13@13.0.0-3.2.5:
    resolution: {integrity: sha512-HTJrtk5e2wKzzlC/RowZmf14xIQ+EcX0L9ry68cM4zdlLYFC60HEZ0Wfu4yNElMCUvkc7HbrgXwCm0HVDvoaZA==}
    dependencies:
      '@girs/atk-1.0': 2.50.0-3.2.5
      '@girs/cairo-1.0': 1.0.0-3.2.5
      '@girs/clutter-13': 13.0.0-3.2.5
      '@girs/cogl-13': 13.0.0-3.2.5
      '@girs/coglpango-13': 13.0.0-3.2.5
      '@girs/freetype2-2.0': 2.0.0-3.2.5
      '@girs/gio-2.0': 2.78.0-3.2.5
      '@girs/gjs': 3.2.5
      '@girs/gl-1.0': 1.0.0-3.2.5
      '@girs/glib-2.0': 2.78.0-3.2.5
      '@girs/gobject-2.0': 2.78.0-3.2.5
      '@girs/graphene-1.0': 1.0.0-3.2.5
      '@girs/harfbuzz-0.0': 8.2.1-3.2.5
      '@girs/json-1.0': 1.7.1-3.2.5
      '@girs/mtk-13': 13.0.0-3.2.5
      '@girs/pango-1.0': 1.51.0-3.2.5
      '@girs/pangocairo-1.0': 1.0.0-3.2.5
    dev: true

  /@girs/clutter-12@12.0.0-3.2.5:
    resolution: {integrity: sha512-7Qv9pa/w/HhNR/vVUOJk6bg0rV3mLEXudSC9NC2y5CsqWniVRl/6GWpUGXVvhYANs6xZzcY+esN7PQfepRuAGQ==}
    dependencies:
      '@girs/atk-1.0': 2.50.0-3.2.5
      '@girs/cairo-1.0': 1.0.0-3.2.5
      '@girs/cogl-12': 12.0.0-3.2.5
      '@girs/coglpango-12': 12.0.0-3.2.5
      '@girs/freetype2-2.0': 2.0.0-3.2.5
      '@girs/gio-2.0': 2.78.0-3.2.5
      '@girs/gjs': 3.2.5
      '@girs/gl-1.0': 1.0.0-3.2.5
      '@girs/glib-2.0': 2.78.0-3.2.5
      '@girs/gobject-2.0': 2.78.0-3.2.5
      '@girs/graphene-1.0': 1.0.0-3.2.5
      '@girs/harfbuzz-0.0': 8.2.1-3.2.5
      '@girs/json-1.0': 1.7.1-3.2.5
      '@girs/pango-1.0': 1.51.0-3.2.5
      '@girs/pangocairo-1.0': 1.0.0-3.2.5
    dev: true

  /@girs/clutter-13@13.0.0-3.2.5:
    resolution: {integrity: sha512-srWebm2+2HHeLUErBJ0z4zZT297mfh6uF4yUCgW/VEGU6nRDGzl+Me0gc+7a47oT8F0OLjqWAj1cxac8h/M0ew==}
    dependencies:
      '@girs/atk-1.0': 2.50.0-3.2.5
      '@girs/cairo-1.0': 1.0.0-3.2.5
      '@girs/cogl-13': 13.0.0-3.2.5
      '@girs/coglpango-13': 13.0.0-3.2.5
      '@girs/freetype2-2.0': 2.0.0-3.2.5
      '@girs/gio-2.0': 2.78.0-3.2.5
      '@girs/gjs': 3.2.5
      '@girs/gl-1.0': 1.0.0-3.2.5
      '@girs/glib-2.0': 2.78.0-3.2.5
      '@girs/gobject-2.0': 2.78.0-3.2.5
      '@girs/graphene-1.0': 1.0.0-3.2.5
      '@girs/harfbuzz-0.0': 8.2.1-3.2.5
      '@girs/json-1.0': 1.7.1-3.2.5
      '@girs/mtk-13': 13.0.0-3.2.5
      '@girs/pango-1.0': 1.51.0-3.2.5
      '@girs/pangocairo-1.0': 1.0.0-3.2.5
    dev: true

  /@girs/cogl-12@12.0.0-3.2.5:
    resolution: {integrity: sha512-Z1DY5/BhgbKb5Qn3iML3ssF4VHTbD2uoH0MzYDDJsCE09k+q0V3KIxYoqVapM6HY3EKaaJ0pLOL2LjlUU9iCSQ==}
    dependencies:
      '@girs/cairo-1.0': 1.0.0-3.2.5
      '@girs/gjs': 3.2.5
      '@girs/gl-1.0': 1.0.0-3.2.5
      '@girs/glib-2.0': 2.78.0-3.2.5
      '@girs/gobject-2.0': 2.78.0-3.2.5
      '@girs/graphene-1.0': 1.0.0-3.2.5
    dev: true

  /@girs/cogl-13@13.0.0-3.2.5:
    resolution: {integrity: sha512-UWwe3RIuDSITuPt+EIWPl5V2TyUICSvLi3cd0BpbY2fRqi7xOKh1hqANHVCtSntbXN1Jm99ZPjdFz5j1f9+5xA==}
    dependencies:
      '@girs/cairo-1.0': 1.0.0-3.2.5
      '@girs/gjs': 3.2.5
      '@girs/gl-1.0': 1.0.0-3.2.5
      '@girs/glib-2.0': 2.78.0-3.2.5
      '@girs/gobject-2.0': 2.78.0-3.2.5
      '@girs/graphene-1.0': 1.0.0-3.2.5
    dev: true

  /@girs/cogl-2.0@2.0.0-3.2.5:
    resolution: {integrity: sha512-R/M0AltgQqp0RKfe93RQTe/36wCpn9/Ff4qoLC/QGn9+6WUSvL276Rf27qo+cHDN0FIRX4TlR7A/zLdFoi1t+Q==}
    dependencies:
      '@girs/gjs': 3.2.5
      '@girs/gl-1.0': 1.0.0-3.2.5
      '@girs/glib-2.0': 2.78.0-3.2.5
      '@girs/gobject-2.0': 2.78.0-3.2.5
    dev: true

  /@girs/coglpango-12@12.0.0-3.2.5:
    resolution: {integrity: sha512-RFuXv7vf5TAhmz82M248DWobPlJJe8GwRCUDZ8sirl62CWTpad1ZwE4d38P/+A0fblx0rm9vnxJczDlj+6YYbQ==}
    dependencies:
      '@girs/cairo-1.0': 1.0.0-3.2.5
      '@girs/cogl-12': 12.0.0-3.2.5
      '@girs/freetype2-2.0': 2.0.0-3.2.5
      '@girs/gio-2.0': 2.78.0-3.2.5
      '@girs/gjs': 3.2.5
      '@girs/gl-1.0': 1.0.0-3.2.5
      '@girs/glib-2.0': 2.78.0-3.2.5
      '@girs/gobject-2.0': 2.78.0-3.2.5
      '@girs/graphene-1.0': 1.0.0-3.2.5
      '@girs/harfbuzz-0.0': 8.2.1-3.2.5
      '@girs/pango-1.0': 1.51.0-3.2.5
      '@girs/pangocairo-1.0': 1.0.0-3.2.5
    dev: true

  /@girs/coglpango-13@13.0.0-3.2.5:
    resolution: {integrity: sha512-1U2Le2ULjDB6JY4BvfR7PyuXxvsMfiwHYCwNVgYDspHEGDofZzZgEAkNCs4m0uSVkvZtGwV/JdcOVxRdNmfZYA==}
    dependencies:
      '@girs/cairo-1.0': 1.0.0-3.2.5
      '@girs/cogl-13': 13.0.0-3.2.5
      '@girs/freetype2-2.0': 2.0.0-3.2.5
      '@girs/gio-2.0': 2.78.0-3.2.5
      '@girs/gjs': 3.2.5
      '@girs/gl-1.0': 1.0.0-3.2.5
      '@girs/glib-2.0': 2.78.0-3.2.5
      '@girs/gobject-2.0': 2.78.0-3.2.5
      '@girs/graphene-1.0': 1.0.0-3.2.5
      '@girs/harfbuzz-0.0': 8.2.1-3.2.5
      '@girs/pango-1.0': 1.51.0-3.2.5
      '@girs/pangocairo-1.0': 1.0.0-3.2.5
    dev: true

  /@girs/freetype2-2.0@2.0.0-3.2.5:
    resolution: {integrity: sha512-JKcGqMYevEVybaT8RvK8UOnFhJCTNNFadpLhh9oPvkbc2NwORvCU5s/VmRyDFNgIKacoxhZK2ho9p+51VuSL+Q==}
    dependencies:
      '@girs/gjs': 3.2.5
      '@girs/gobject-2.0': 2.78.0-3.2.5
    dev: true

  /@girs/gck-2@4.0.0-3.1.0:
    resolution: {integrity: sha512-uwVgWgmNlKyux2fNA6IPIuaZTZekr+7/FLrgTjZ+Pql7KPjnQlZncj41+Qlh7ajDHjNcvKT8z4gE7IoXFAA5gg==}
    dependencies:
      '@girs/gio-2.0': 2.76.1-3.2.3
      '@girs/gjs': 3.2.5
      '@girs/glib-2.0': 2.76.1-3.2.3
      '@girs/gobject-2.0': 2.76.1-3.2.3
    dev: true

  /@girs/gck-2@4.1.0-3.2.5:
    resolution: {integrity: sha512-jDIsr0rN/6Y0pyqmaRonIr8c6aDU8a2I5o38kTVnzaRw4AkKW5iauj+gwlpWuOeBcpirWe8mz3BoXGqydUCIsA==}
    dependencies:
      '@girs/gio-2.0': 2.78.0-3.2.5
      '@girs/gjs': 3.2.5
      '@girs/glib-2.0': 2.78.0-3.2.5
      '@girs/gobject-2.0': 2.78.0-3.2.5
    dev: true

  /@girs/gcr-4@4.0.0-3.1.0:
    resolution: {integrity: sha512-qyyVrTkjfIC/oYzE5jRgCbDSGxzL7SMrgBo5XTVMMDoefm6l6t1hfAPhiPySNe6FZcGAgPGpJkfWIsdrfQ66zA==}
    dependencies:
      '@girs/gck-2': 4.0.0-3.1.0
      '@girs/gio-2.0': 2.76.1-3.2.3
      '@girs/gjs': 3.2.5
      '@girs/glib-2.0': 2.76.1-3.2.3
      '@girs/gobject-2.0': 2.76.1-3.2.3
    dev: true

  /@girs/gcr-4@4.1.0-3.2.5:
    resolution: {integrity: sha512-o9zQbLnFBIXn6fUp6AzpUrA5iVPf1waUQdCPxUqCgsIGztBNl868pRoGwlxxWlVEp73IrqJ/o7MST42rfPfr1A==}
    dependencies:
      '@girs/gck-2': 4.1.0-3.2.5
      '@girs/gio-2.0': 2.78.0-3.2.5
      '@girs/gjs': 3.2.5
      '@girs/glib-2.0': 2.78.0-3.2.5
      '@girs/gobject-2.0': 2.78.0-3.2.5
    dev: true

  /@girs/gdesktopenums-3.0@3.0.0-3.2.5:
    resolution: {integrity: sha512-TrLalzuRXL4R+kIhY9TN5NPFWX22wr+UXUNGC4UCwNBykhs5kJ3iOUPLLWQkPGNjjDK6OyCo5iyT/8fnMqK+Ew==}
    dependencies:
      '@girs/gjs': 3.2.5
      '@girs/gobject-2.0': 2.78.0-3.2.5
    dev: true

  /@girs/gdk-4.0@4.0.0-3.2.5:
    resolution: {integrity: sha512-e/a/+6n729KVliT8IHWPANlKJAL3CP/gRP+fpT/1iOun3BzjPbix6aEd31OTPhfeRIE+gpFiDoO/nItS79/BKw==}
    dependencies:
      '@girs/cairo-1.0': 1.0.0-3.2.5
      '@girs/freetype2-2.0': 2.0.0-3.2.5
      '@girs/gdkpixbuf-2.0': 2.0.0-3.2.5
      '@girs/gio-2.0': 2.78.0-3.2.5
      '@girs/gjs': 3.2.5
      '@girs/glib-2.0': 2.78.0-3.2.5
      '@girs/gmodule-2.0': 2.0.0-3.2.5
      '@girs/gobject-2.0': 2.78.0-3.2.5
      '@girs/harfbuzz-0.0': 8.2.1-3.2.5
      '@girs/pango-1.0': 1.51.0-3.2.5
      '@girs/pangocairo-1.0': 1.0.0-3.2.5
    dev: true

  /@girs/gdkpixbuf-2.0@2.0.0-3.2.5:
    resolution: {integrity: sha512-PvyxWzkZMsy/jQyqou7v/13/eZiYwLEIq5TgSO6LI4j5gDzEFbDErap9ELlaYoUW/PnsWWIgRVp5u4b+W2cnMA==}
    dependencies:
      '@girs/gio-2.0': 2.78.0-3.2.5
      '@girs/gjs': 3.2.5
      '@girs/glib-2.0': 2.78.0-3.2.5
      '@girs/gmodule-2.0': 2.0.0-3.2.5
      '@girs/gobject-2.0': 2.78.0-3.2.5
    dev: true

  /@girs/gio-2.0@2.76.1-3.2.3:
    resolution: {integrity: sha512-6SK2z2YsZrxdoumXW7taI1S2HIBvWcFoKWAot0A5coMskJOnt6HnNxIMTBbN5YhkOs855YHqfaLYeNNU3Y3M2A==}
    dependencies:
      '@girs/gjs': 3.2.5
      '@girs/glib-2.0': 2.76.1-3.2.3
      '@girs/gobject-2.0': 2.76.1-3.2.3
    dev: true

  /@girs/gio-2.0@2.78.0-3.2.5:
    resolution: {integrity: sha512-8QVn6rydZuevkkLbLTrURs9bHD8vbvfFZMzR/5iPsTrv6d5wCewUmMxiKEcMicnJmOIhBitu1ZboP8sljht90Q==}
    dependencies:
      '@girs/gjs': 3.2.5
      '@girs/glib-2.0': 2.78.0-3.2.5
      '@girs/gobject-2.0': 2.78.0-3.2.5
    dev: true

  /@girs/gjs@3.2.5:
    resolution: {integrity: sha512-ndrJQnRmkw6SicVQSwm9IMy7dDPd6kPu19Hp2DFlQWsICG4wKailzRkzsxI064j9uLWQOjO3ydHiiDRpAjwU1Q==}
    dependencies:
      '@girs/glib-2.0': 2.78.0-3.2.5
      '@girs/gobject-2.0': 2.78.0-3.2.5
    dev: true

  /@girs/gl-1.0@1.0.0-3.2.5:
    resolution: {integrity: sha512-waBA2GbqHXGOLlufRTrKJDC44D1OERbCsXYzCGNI/G51RJTOrENBBY8/DO7hPVavHnOgGVnw2WVtNLx7CgcVpQ==}
    dependencies:
      '@girs/gjs': 3.2.5
      '@girs/gobject-2.0': 2.78.0-3.2.5
    dev: true

  /@girs/glib-2.0@2.76.1-3.2.3:
    resolution: {integrity: sha512-pY/ZE2WPco9E8Cz5+wTqxEOdVpipEQBRDJXVd/KQCoRjTSvgoMLLEE8B84W0LgOgR8ns99XtGZrf0U0y4qFqyA==}
    dependencies:
      '@girs/gjs': 3.2.5
      '@girs/gobject-2.0': 2.76.1-3.2.3
    dev: true

  /@girs/glib-2.0@2.77.0-3.2.2:
    resolution: {integrity: sha512-cFWgYKKBR58+er7MOYTFcws5MHEQUD74VaGUEBLUTjFh9EsyIXOOcaU+Z6cteObGDo9ZYdlr8RBAdKI8H18sqQ==}
    dependencies:
      '@girs/gjs': 3.2.5
      '@girs/gobject-2.0': 2.77.0-3.2.2
    dev: true

  /@girs/glib-2.0@2.78.0-3.2.5:
    resolution: {integrity: sha512-VIfgmRPixvxh9i2FPE0ctvWgHMuzWkXjERtG4G8uxnBdH7HAL6+hcEFFYyn1JrkBm4XFVvikyUZYPPoahlDsaQ==}
    dependencies:
      '@girs/gjs': 3.2.5
      '@girs/gobject-2.0': 2.78.0-3.2.5
    dev: true

  /@girs/gmodule-2.0@2.0.0-3.2.5:
    resolution: {integrity: sha512-oSjlOXzEYlrtYOAyTW57bRigRjpwqV0faeou+iSGj7n1/T/ZxJsPK7rdwAv/7vVB8nev4JT9z3YZyqocHzjIFA==}
    dependencies:
      '@girs/gjs': 3.2.5
      '@girs/glib-2.0': 2.78.0-3.2.5
      '@girs/gobject-2.0': 2.78.0-3.2.5
    dev: true

  /@girs/gnome-shell@3.0.0:
    resolution: {integrity: sha512-I1BVcvj+0TymAcpk9YsQSqwJvWgUoKxZySbJKCh/mBsKJfGlZhiBGH/HSyHGbA2Tf5Z99G3+kJv0qYSk43eGMg==}
    dependencies:
      '@girs/atk-1.0': 2.45.1-3.2.2
      '@girs/cally-12': 12.0.0-3.2.5
      '@girs/clutter-12': 12.0.0-3.2.5
      '@girs/cogl-2.0': 2.0.0-3.2.5
      '@girs/gcr-4': 4.0.0-3.1.0
      '@girs/gio-2.0': 2.76.1-3.2.3
      '@girs/gjs': 3.2.5
      '@girs/glib-2.0': 2.76.1-3.2.3
      '@girs/gnomebg-4.0': 4.0.0-3.2.5
      '@girs/gnomedesktop-4.0': 4.0.0-3.2.5
      '@girs/gobject-2.0': 2.76.1-3.2.3
      '@girs/meta-12': 12.0.0-3.2.5
      '@girs/shell-12': 12.0.0-3.2.5
      '@girs/shew-0': 0.0.0-3.2.5
      '@girs/st-12': 12.0.0-3.2.5
    dev: true

  /@girs/gnomebg-4.0@4.0.0-3.2.5:
    resolution: {integrity: sha512-tuNXWRo2WaYqv9sfCIoMym7j57yj1GwREdap3kKMvnJ53SBTltF5hAu73qRfzFTRbPvWGrVs2QNjqxi6zmzGEQ==}
    dependencies:
      '@girs/cairo-1.0': 1.0.0-3.2.5
      '@girs/freetype2-2.0': 2.0.0-3.2.5
      '@girs/gdesktopenums-3.0': 3.0.0-3.2.5
      '@girs/gdk-4.0': 4.0.0-3.2.5
      '@girs/gdkpixbuf-2.0': 2.0.0-3.2.5
      '@girs/gio-2.0': 2.78.0-3.2.5
      '@girs/gjs': 3.2.5
      '@girs/glib-2.0': 2.78.0-3.2.5
      '@girs/gmodule-2.0': 2.0.0-3.2.5
      '@girs/gnomedesktop-4.0': 4.0.0-3.2.5
      '@girs/gobject-2.0': 2.78.0-3.2.5
      '@girs/harfbuzz-0.0': 8.2.1-3.2.5
      '@girs/pango-1.0': 1.51.0-3.2.5
      '@girs/pangocairo-1.0': 1.0.0-3.2.5
    dev: true

  /@girs/gnomedesktop-4.0@4.0.0-3.2.5:
    resolution: {integrity: sha512-JSsZ4r0VEoidAyYz8Y7afVZvTtxZyqNpmdSVf4Fi5cx5Ip/c+524zYVQN0G/FRVxw+uHlP/AsjYm6cVoUQTpHg==}
    dependencies:
      '@girs/gdesktopenums-3.0': 3.0.0-3.2.5
      '@girs/gdkpixbuf-2.0': 2.0.0-3.2.5
      '@girs/gio-2.0': 2.78.0-3.2.5
      '@girs/gjs': 3.2.5
      '@girs/glib-2.0': 2.78.0-3.2.5
      '@girs/gmodule-2.0': 2.0.0-3.2.5
      '@girs/gobject-2.0': 2.78.0-3.2.5
    dev: true

  /@girs/gobject-2.0@2.76.1-3.2.3:
    resolution: {integrity: sha512-9X35d1ZRO4xY9b0iOm51MwjfbgvOGQtNs2A9IWcSlaoI4LB5mCRlPlQ1UFhpqcbbmdrL+Cce/0p3F36x5rn/dg==}
    dependencies:
      '@girs/gjs': 3.2.5
      '@girs/glib-2.0': 2.76.1-3.2.3
    dev: true

  /@girs/gobject-2.0@2.77.0-3.2.2:
    resolution: {integrity: sha512-psnnFhNY+49SXzdTDpHwnySMTDtHYDP9rxMx1Xb1UVE1JaxwuI0YLrylt+Zv0boGczmwol8afxZw2Z9TnSSocg==}
    dependencies:
      '@girs/gjs': 3.2.5
      '@girs/glib-2.0': 2.77.0-3.2.2
    dev: true

  /@girs/gobject-2.0@2.78.0-3.2.5:
    resolution: {integrity: sha512-xjplH7Slij+l2/QFO9MYLoe+lHtHsQvZVIccGVOdZtaVMqL6wq3J2JH9ul6czf5EFnApuhN2pXFeE77Jacwduw==}
    dependencies:
      '@girs/gjs': 3.2.5
      '@girs/glib-2.0': 2.78.0-3.2.5
    dev: true

  /@girs/graphene-1.0@1.0.0-3.2.5:
    resolution: {integrity: sha512-QI+HSiPeueAWk/A3Q7OasVFk/Iv3bLyrEuL50VE3LIiPlEOUAAwmfWaMk/gJlK8bs+Loc/f6fJPe231QV0Vijg==}
    dependencies:
      '@girs/gjs': 3.2.5
      '@girs/glib-2.0': 2.78.0-3.2.5
      '@girs/gobject-2.0': 2.78.0-3.2.5
    dev: true

  /@girs/gsk-4.0@4.0.0-3.2.5:
    resolution: {integrity: sha512-RdupAGlahhVGGQljxiW1ST5a0Ntc1CevDvLOuYGK2YarOC7qh5Wb7Y5D4fCXiEesxgum+DUY2kY8zHj4DHdqvQ==}
    dependencies:
      '@girs/cairo-1.0': 1.0.0-3.2.5
      '@girs/freetype2-2.0': 2.0.0-3.2.5
      '@girs/gdk-4.0': 4.0.0-3.2.5
      '@girs/gdkpixbuf-2.0': 2.0.0-3.2.5
      '@girs/gio-2.0': 2.78.0-3.2.5
      '@girs/gjs': 3.2.5
      '@girs/glib-2.0': 2.78.0-3.2.5
      '@girs/gmodule-2.0': 2.0.0-3.2.5
      '@girs/gobject-2.0': 2.78.0-3.2.5
      '@girs/graphene-1.0': 1.0.0-3.2.5
      '@girs/harfbuzz-0.0': 8.2.1-3.2.5
      '@girs/pango-1.0': 1.51.0-3.2.5
      '@girs/pangocairo-1.0': 1.0.0-3.2.5
    dev: true

  /@girs/gtk-4.0@4.12.3-3.2.5:
    resolution: {integrity: sha512-Dkmcjty0hMuqHU2nlrIR0jKLjClgFRfxuZmsjEUIQjfEopogZpVah6YXPlS5ss9E3WnBOT19AfXj+Lj2+211wg==}
    dependencies:
      '@girs/cairo-1.0': 1.0.0-3.2.5
      '@girs/freetype2-2.0': 2.0.0-3.2.5
      '@girs/gdk-4.0': 4.0.0-3.2.5
      '@girs/gdkpixbuf-2.0': 2.0.0-3.2.5
      '@girs/gio-2.0': 2.78.0-3.2.5
      '@girs/gjs': 3.2.5
      '@girs/glib-2.0': 2.78.0-3.2.5
      '@girs/gmodule-2.0': 2.0.0-3.2.5
      '@girs/gobject-2.0': 2.78.0-3.2.5
      '@girs/graphene-1.0': 1.0.0-3.2.5
      '@girs/gsk-4.0': 4.0.0-3.2.5
      '@girs/harfbuzz-0.0': 8.2.1-3.2.5
      '@girs/pango-1.0': 1.51.0-3.2.5
      '@girs/pangocairo-1.0': 1.0.0-3.2.5
    dev: true

  /@girs/gvc-1.0@1.0.0-3.2.5:
    resolution: {integrity: sha512-z+Q3NvKMc0V0HMa/JixSe0A6HP7g3Y7jihBoUWwRXQp5wuOgs9/WTVtCoLIp97osEFnvzS+yI/o+lDprQZFEnQ==}
    dependencies:
      '@girs/gio-2.0': 2.78.0-3.2.5
      '@girs/gjs': 3.2.5
      '@girs/glib-2.0': 2.78.0-3.2.5
      '@girs/gobject-2.0': 2.78.0-3.2.5
    dev: true

  /@girs/harfbuzz-0.0@8.2.1-3.2.5:
    resolution: {integrity: sha512-ybs7S1xPNZfZHAuu2uaS68Alarbod3aXpbj4WxrYJlsz9JCFO6xD1U29e9oAkglOcJmWi4DtF1AnzspuTu2iEw==}
    dependencies:
      '@girs/freetype2-2.0': 2.0.0-3.2.5
      '@girs/gjs': 3.2.5
      '@girs/glib-2.0': 2.78.0-3.2.5
      '@girs/gobject-2.0': 2.78.0-3.2.5
    dev: true

  /@girs/json-1.0@1.7.1-3.2.5:
    resolution: {integrity: sha512-m7TxILvgcpSzKyMwFBJaRYpULvPuvu9kUxfl0cSnOV6J1zB+kCKkTto4Yg65u11RSbQ1e2WLUokHhzmcYHW5XQ==}
    dependencies:
      '@girs/gio-2.0': 2.78.0-3.2.5
      '@girs/gjs': 3.2.5
      '@girs/glib-2.0': 2.78.0-3.2.5
      '@girs/gobject-2.0': 2.78.0-3.2.5
    dev: true

  /@girs/meta-12@12.0.0-3.2.5:
    resolution: {integrity: sha512-CHiIy8RwM8sGCLI6JJGJfWzW3sS88mZ5i1X1aD5BV8iZniLe0hYX1gFNTMImcDOX0Mqil5l+oabx7ZLOLNp6Sw==}
    dependencies:
      '@girs/atk-1.0': 2.50.0-3.2.5
      '@girs/cairo-1.0': 1.0.0-3.2.5
      '@girs/clutter-12': 12.0.0-3.2.5
      '@girs/cogl-12': 12.0.0-3.2.5
      '@girs/coglpango-12': 12.0.0-3.2.5
      '@girs/freetype2-2.0': 2.0.0-3.2.5
      '@girs/gdesktopenums-3.0': 3.0.0-3.2.5
      '@girs/gio-2.0': 2.78.0-3.2.5
      '@girs/gjs': 3.2.5
      '@girs/gl-1.0': 1.0.0-3.2.5
      '@girs/glib-2.0': 2.78.0-3.2.5
      '@girs/gobject-2.0': 2.78.0-3.2.5
      '@girs/graphene-1.0': 1.0.0-3.2.5
      '@girs/harfbuzz-0.0': 8.2.1-3.2.5
      '@girs/json-1.0': 1.7.1-3.2.5
      '@girs/pango-1.0': 1.51.0-3.2.5
      '@girs/pangocairo-1.0': 1.0.0-3.2.5
      '@girs/xfixes-4.0': 4.0.0-3.2.5
      '@girs/xlib-2.0': 2.0.0-3.2.5
    dev: true

  /@girs/meta-13@13.0.0-3.2.5:
    resolution: {integrity: sha512-oaNnbPnwFD/6c4h4XjIgOypT80YqOWVALoTs0vGIC6JeVsmTPcKI4n2SBoqnomd3/QcAhLYj4jZYlUPeFUHyGw==}
    dependencies:
      '@girs/atk-1.0': 2.50.0-3.2.5
      '@girs/cairo-1.0': 1.0.0-3.2.5
      '@girs/clutter-13': 13.0.0-3.2.5
      '@girs/cogl-13': 13.0.0-3.2.5
      '@girs/coglpango-13': 13.0.0-3.2.5
      '@girs/freetype2-2.0': 2.0.0-3.2.5
      '@girs/gdesktopenums-3.0': 3.0.0-3.2.5
      '@girs/gio-2.0': 2.78.0-3.2.5
      '@girs/gjs': 3.2.5
      '@girs/gl-1.0': 1.0.0-3.2.5
      '@girs/glib-2.0': 2.78.0-3.2.5
      '@girs/gobject-2.0': 2.78.0-3.2.5
      '@girs/graphene-1.0': 1.0.0-3.2.5
      '@girs/harfbuzz-0.0': 8.2.1-3.2.5
      '@girs/json-1.0': 1.7.1-3.2.5
      '@girs/mtk-13': 13.0.0-3.2.5
      '@girs/pango-1.0': 1.51.0-3.2.5
      '@girs/pangocairo-1.0': 1.0.0-3.2.5
      '@girs/xfixes-4.0': 4.0.0-3.2.5
      '@girs/xlib-2.0': 2.0.0-3.2.5
    dev: true

  /@girs/mtk-13@13.0.0-3.2.5:
    resolution: {integrity: sha512-6iadZ1tjlTZ5BWBgH4jIujg/8ev0Oi9jcLRqhzPCIpuK5H0DWFJ7AAKMfy+97li5Ws/6SRX+kFgb9DsvQ0CFOQ==}
    dependencies:
      '@girs/cairo-1.0': 1.0.0-3.2.5
      '@girs/gjs': 3.2.5
      '@girs/glib-2.0': 2.78.0-3.2.5
      '@girs/gobject-2.0': 2.78.0-3.2.5
      '@girs/graphene-1.0': 1.0.0-3.2.5
    dev: true

  /@girs/nm-1.0@1.45.1-3.2.5:
    resolution: {integrity: sha512-zJFOLfJpzJF5SAXOgGXN4diiwl/Z5e0Oo0INiUkg038nnq95N9eHBVbiqM+Q4l/YmcHw65rxPOr7hpPC9dSJwA==}
    dependencies:
      '@girs/gio-2.0': 2.78.0-3.2.5
      '@girs/gjs': 3.2.5
      '@girs/glib-2.0': 2.78.0-3.2.5
      '@girs/gobject-2.0': 2.78.0-3.2.5
    dev: true

  /@girs/pango-1.0@1.51.0-3.2.5:
    resolution: {integrity: sha512-ovr00FAEpbEhtsFb+dmZKgKcCrhNyAL26ypgaW+LswUQ7u6v5Qw1xQhWJSbQwEWxJ/ta48PyB/rrCVmNcHnDLg==}
    dependencies:
      '@girs/cairo-1.0': 1.0.0-3.2.5
      '@girs/freetype2-2.0': 2.0.0-3.2.5
      '@girs/gio-2.0': 2.78.0-3.2.5
      '@girs/gjs': 3.2.5
      '@girs/glib-2.0': 2.78.0-3.2.5
      '@girs/gobject-2.0': 2.78.0-3.2.5
      '@girs/harfbuzz-0.0': 8.2.1-3.2.5
    dev: true

  /@girs/pangocairo-1.0@1.0.0-3.2.5:
    resolution: {integrity: sha512-bnzn8dbK5DVxtJdpL29oJ3UrlhABJ+8zazHudPHQrwuF6OOu3e37XFW6WCDucxHLQvvy9HTzNqm4xTYg4hAqbw==}
    dependencies:
      '@girs/cairo-1.0': 1.0.0-3.2.5
      '@girs/freetype2-2.0': 2.0.0-3.2.5
      '@girs/gio-2.0': 2.78.0-3.2.5
      '@girs/gjs': 3.2.5
      '@girs/glib-2.0': 2.78.0-3.2.5
      '@girs/gobject-2.0': 2.78.0-3.2.5
      '@girs/harfbuzz-0.0': 8.2.1-3.2.5
      '@girs/pango-1.0': 1.51.0-3.2.5
    dev: true

  /@girs/polkit-1.0@1.0.0-3.2.5:
    resolution: {integrity: sha512-sxn1dFyfcpbCYXRoSol9K9hgO5b13wpkxvY73Tmh4HxFVq1GA/V+w9nV05h6xDyAKlc6MsvqLpUCbDAsrkSbfA==}
    dependencies:
      '@girs/gio-2.0': 2.78.0-3.2.5
      '@girs/gjs': 3.2.5
      '@girs/glib-2.0': 2.78.0-3.2.5
      '@girs/gobject-2.0': 2.78.0-3.2.5
    dev: true

  /@girs/polkitagent-1.0@1.0.0-3.2.5:
    resolution: {integrity: sha512-0R/3qtM+l9DgVgyA4PxB77ohS28kcu5WrYLqdnJaZZVPxaDwnntwo+Tdpun3oH4gOtFtVuj9qJ0LthU88gyPww==}
    dependencies:
      '@girs/gio-2.0': 2.78.0-3.2.5
      '@girs/gjs': 3.2.5
      '@girs/glib-2.0': 2.78.0-3.2.5
      '@girs/gobject-2.0': 2.78.0-3.2.5
      '@girs/polkit-1.0': 1.0.0-3.2.5
    dev: true

  /@girs/shell-12@12.0.0-3.2.5:
    resolution: {integrity: sha512-uQIwwUmfvTeIQoqP9RTY7vi1XlU1rnjg5v5vjUudA/maZA3ecmx+PAu4/016rNwzv0J9u6Et/VvBBEGoE7dO1Q==}
    dependencies:
      '@girs/atk-1.0': 2.50.0-3.2.5
      '@girs/cairo-1.0': 1.0.0-3.2.5
      '@girs/cally-12': 12.0.0-3.2.5
      '@girs/clutter-12': 12.0.0-3.2.5
      '@girs/cogl-12': 12.0.0-3.2.5
      '@girs/coglpango-12': 12.0.0-3.2.5
      '@girs/freetype2-2.0': 2.0.0-3.2.5
      '@girs/gck-2': 4.1.0-3.2.5
      '@girs/gcr-4': 4.1.0-3.2.5
      '@girs/gdesktopenums-3.0': 3.0.0-3.2.5
      '@girs/gdkpixbuf-2.0': 2.0.0-3.2.5
      '@girs/gio-2.0': 2.78.0-3.2.5
      '@girs/gjs': 3.2.5
      '@girs/gl-1.0': 1.0.0-3.2.5
      '@girs/glib-2.0': 2.78.0-3.2.5
      '@girs/gmodule-2.0': 2.0.0-3.2.5
      '@girs/gobject-2.0': 2.78.0-3.2.5
      '@girs/graphene-1.0': 1.0.0-3.2.5
      '@girs/gvc-1.0': 1.0.0-3.2.5
      '@girs/harfbuzz-0.0': 8.2.1-3.2.5
      '@girs/json-1.0': 1.7.1-3.2.5
      '@girs/meta-12': 12.0.0-3.2.5
      '@girs/nm-1.0': 1.45.1-3.2.5
      '@girs/pango-1.0': 1.51.0-3.2.5
      '@girs/pangocairo-1.0': 1.0.0-3.2.5
      '@girs/polkit-1.0': 1.0.0-3.2.5
      '@girs/polkitagent-1.0': 1.0.0-3.2.5
      '@girs/st-12': 12.0.0-3.2.5
      '@girs/xfixes-4.0': 4.0.0-3.2.5
      '@girs/xlib-2.0': 2.0.0-3.2.5
    dev: true

  /@girs/shew-0@0.0.0-3.2.5:
    resolution: {integrity: sha512-mfuD/PaZaUEvoxm/psn02J039AfgiukAy0LbTUQKIJPSTxkzNJoBgdb+RsQVWnLFha4rXgKRBDCD9T/qR20CGQ==}
    dependencies:
      '@girs/cairo-1.0': 1.0.0-3.2.5
      '@girs/freetype2-2.0': 2.0.0-3.2.5
      '@girs/gdk-4.0': 4.0.0-3.2.5
      '@girs/gdkpixbuf-2.0': 2.0.0-3.2.5
      '@girs/gio-2.0': 2.78.0-3.2.5
      '@girs/gjs': 3.2.5
      '@girs/glib-2.0': 2.78.0-3.2.5
      '@girs/gmodule-2.0': 2.0.0-3.2.5
      '@girs/gobject-2.0': 2.78.0-3.2.5
      '@girs/graphene-1.0': 1.0.0-3.2.5
      '@girs/gsk-4.0': 4.0.0-3.2.5
      '@girs/gtk-4.0': 4.12.3-3.2.5
      '@girs/harfbuzz-0.0': 8.2.1-3.2.5
      '@girs/pango-1.0': 1.51.0-3.2.5
      '@girs/pangocairo-1.0': 1.0.0-3.2.5
    dev: true

  /@girs/st-12@12.0.0-3.2.5:
    resolution: {integrity: sha512-R8XHJnnAX7mCUxDXk3yxgAyCKf8SIjIY3R2U7f7h8MBuDhnc8dbN/bWokQhzlW0ULFkQ6a+Y01ipoVcd137NtQ==}
    dependencies:
      '@girs/atk-1.0': 2.50.0-3.2.5
      '@girs/cairo-1.0': 1.0.0-3.2.5
      '@girs/cally-12': 12.0.0-3.2.5
      '@girs/clutter-12': 12.0.0-3.2.5
      '@girs/cogl-12': 12.0.0-3.2.5
      '@girs/coglpango-12': 12.0.0-3.2.5
      '@girs/freetype2-2.0': 2.0.0-3.2.5
      '@girs/gdesktopenums-3.0': 3.0.0-3.2.5
      '@girs/gdkpixbuf-2.0': 2.0.0-3.2.5
      '@girs/gio-2.0': 2.78.0-3.2.5
      '@girs/gjs': 3.2.5
      '@girs/gl-1.0': 1.0.0-3.2.5
      '@girs/glib-2.0': 2.78.0-3.2.5
      '@girs/gmodule-2.0': 2.0.0-3.2.5
      '@girs/gobject-2.0': 2.78.0-3.2.5
      '@girs/graphene-1.0': 1.0.0-3.2.5
      '@girs/harfbuzz-0.0': 8.2.1-3.2.5
      '@girs/json-1.0': 1.7.1-3.2.5
      '@girs/meta-12': 12.0.0-3.2.5
      '@girs/pango-1.0': 1.51.0-3.2.5
      '@girs/pangocairo-1.0': 1.0.0-3.2.5
      '@girs/xfixes-4.0': 4.0.0-3.2.5
      '@girs/xlib-2.0': 2.0.0-3.2.5
    dev: true

  /@girs/st-13@13.0.0-3.2.5:
    resolution: {integrity: sha512-cMG4VBbuPEP0auKkOfFiCcmRpbgpSn4/Z+IvP5m5f7XI1YX1gPYKZl8cEyIEW57+O/lh4mpkDL+AVvepIKFyww==}
    dependencies:
      '@girs/atk-1.0': 2.50.0-3.2.5
      '@girs/cairo-1.0': 1.0.0-3.2.5
      '@girs/cally-13': 13.0.0-3.2.5
      '@girs/clutter-13': 13.0.0-3.2.5
      '@girs/cogl-13': 13.0.0-3.2.5
      '@girs/coglpango-13': 13.0.0-3.2.5
      '@girs/freetype2-2.0': 2.0.0-3.2.5
      '@girs/gdesktopenums-3.0': 3.0.0-3.2.5
      '@girs/gdkpixbuf-2.0': 2.0.0-3.2.5
      '@girs/gio-2.0': 2.78.0-3.2.5
      '@girs/gjs': 3.2.5
      '@girs/gl-1.0': 1.0.0-3.2.5
      '@girs/glib-2.0': 2.78.0-3.2.5
      '@girs/gmodule-2.0': 2.0.0-3.2.5
      '@girs/gobject-2.0': 2.78.0-3.2.5
      '@girs/graphene-1.0': 1.0.0-3.2.5
      '@girs/harfbuzz-0.0': 8.2.1-3.2.5
      '@girs/json-1.0': 1.7.1-3.2.5
      '@girs/meta-13': 13.0.0-3.2.5
      '@girs/mtk-13': 13.0.0-3.2.5
      '@girs/pango-1.0': 1.51.0-3.2.5
      '@girs/pangocairo-1.0': 1.0.0-3.2.5
      '@girs/xfixes-4.0': 4.0.0-3.2.5
      '@girs/xlib-2.0': 2.0.0-3.2.5
    dev: true

  /@girs/xfixes-4.0@4.0.0-3.2.5:
    resolution: {integrity: sha512-gUdBen1dAQTP+OfwS6/6swYp9+cuy3g0tZzAVzur48T62UB5prwnki/EBMYWbqaH1Hn+JGLTwKXHvGkdmTPxCQ==}
    dependencies:
      '@girs/gjs': 3.2.5
      '@girs/gobject-2.0': 2.78.0-3.2.5
    dev: true

  /@girs/xlib-2.0@2.0.0-3.2.5:
    resolution: {integrity: sha512-nTfP70qGiVV+g13hxe7s923VSCNRLIbhetJQO0z8uSuvHXKGpQFVW/R4GcePNjizbVWu7FSArzF2vPkvfp8UsA==}
    dependencies:
      '@girs/gjs': 3.2.5
      '@girs/gobject-2.0': 2.78.0-3.2.5
    dev: true

  /abbrev@1.1.1:
    resolution: {integrity: sha512-nne9/IiQ/hzIhY6pdDnbBtz7DjPTKrY00P/zvPSm5pOFkl6xuGrGnXn/VtTNNfNtAfZ9/1RtehkszU9qcTii0Q==}
    dev: true

  /adm-zip@0.5.10:
    resolution: {integrity: sha512-x0HvcHqVJNTPk/Bw8JbLWlWoo6Wwnsug0fnYYro1HBrjxZ3G7/AZk7Ahv8JwDe1uIcz8eBqvu86FuF1POiG7vQ==}
    engines: {node: '>=6.0'}
    dev: true

  /anymatch@3.1.3:
    resolution: {integrity: sha512-KMReFUr0B4t+D+OBkjR3KYqvocp2XaSzO55UcB6mgQMd3KbcE+mWTyvVV7D/zsdEbNnV6acZUutkiHQXvTr1Rw==}
    engines: {node: '>= 8'}
    dependencies:
      normalize-path: 3.0.0
      picomatch: 2.3.1
    dev: true

  /balanced-match@1.0.2:
    resolution: {integrity: sha512-3oSeUO0TMV67hN1AmbXsK4yaqU7tjiHlbxRDZOpH0KW9+CeX4bRAaX0Anxt0tx2MrpRpWwQaPwIlISEJhYU5Pw==}
    dev: true

  /binary-extensions@2.2.0:
    resolution: {integrity: sha512-jDctJ/IVQbZoJykoeHbhXpOlNBqGNcwXJKJog42E5HDPUwQTSdjCHdihjj0DlnheQ7blbT6dHOafNAiS8ooQKA==}
    engines: {node: '>=8'}
    dev: true

  /brace-expansion@1.1.11:
    resolution: {integrity: sha512-iCuPHDFgrHX7H2vEI/5xpz07zSHB00TpugqhmYtVmMO6518mCuRMoOYFldEBl0g187ufozdaHgWKcYFb61qGiA==}
    dependencies:
      balanced-match: 1.0.2
      concat-map: 0.0.1
    dev: true

  /braces@3.0.2:
    resolution: {integrity: sha512-b8um+L1RzM3WDSzvhm6gIz1yfTbBt6YTlcEKAvsmqCZZFw46z626lVj9j1yEPW33H5H+lBQpZMP1k8l+78Ha0A==}
    engines: {node: '>=8'}
    dependencies:
      fill-range: 7.0.1
    dev: true

  /chokidar@3.5.3:
    resolution: {integrity: sha512-Dr3sfKRP6oTcjf2JmUmFJfeVMvXBdegxB0iVQ5eb2V10uFJUCAS8OByZdVAyVb8xXNz3GjjTgj9kLWsZTqE6kw==}
    engines: {node: '>= 8.10.0'}
    dependencies:
      anymatch: 3.1.3
      braces: 3.0.2
      glob-parent: 5.1.2
      is-binary-path: 2.1.0
      is-glob: 4.0.3
      normalize-path: 3.0.0
      readdirp: 3.6.0
    optionalDependencies:
      fsevents: 2.3.3
    dev: true

  /concat-map@0.0.1:
    resolution: {integrity: sha512-/Srv4dswyQNBfohGpz9o6Yb3Gz3SrUDqBH5rTuhGR7ahtlbYKnVxw2bCFMRljaA7EXHaXZ8wsHdodFvbkhKmqg==}
    dev: true

  /debug@3.2.7(supports-color@5.5.0):
    resolution: {integrity: sha512-CFjzYYAi4ThfiQvizrFQevTTXHtnCqWfe7x1AhgEscTz6ZbLbfoLRLPugTQyBth6f8ZERVUSyWHFD/7Wu4t1XQ==}
    peerDependencies:
      supports-color: '*'
    peerDependenciesMeta:
      supports-color:
        optional: true
    dependencies:
      ms: 2.1.3
      supports-color: 5.5.0
    dev: true

  /esbuild-android-64@0.15.18:
    resolution: {integrity: sha512-wnpt3OXRhcjfIDSZu9bnzT4/TNTDsOUvip0foZOUBG7QbSt//w3QV4FInVJxNhKc/ErhUxc5z4QjHtMi7/TbgA==}
    engines: {node: '>=12'}
    cpu: [x64]
    os: [android]
    requiresBuild: true
    dev: true
    optional: true

  /esbuild-android-arm64@0.15.18:
    resolution: {integrity: sha512-G4xu89B8FCzav9XU8EjsXacCKSG2FT7wW9J6hOc18soEHJdtWu03L3TQDGf0geNxfLTtxENKBzMSq9LlbjS8OQ==}
    engines: {node: '>=12'}
    cpu: [arm64]
    os: [android]
    requiresBuild: true
    dev: true
    optional: true

  /esbuild-darwin-64@0.15.18:
    resolution: {integrity: sha512-2WAvs95uPnVJPuYKP0Eqx+Dl/jaYseZEUUT1sjg97TJa4oBtbAKnPnl3b5M9l51/nbx7+QAEtuummJZW0sBEmg==}
    engines: {node: '>=12'}
    cpu: [x64]
    os: [darwin]
    requiresBuild: true
    dev: true
    optional: true

  /esbuild-darwin-arm64@0.15.18:
    resolution: {integrity: sha512-tKPSxcTJ5OmNb1btVikATJ8NftlyNlc8BVNtyT/UAr62JFOhwHlnoPrhYWz09akBLHI9nElFVfWSTSRsrZiDUA==}
    engines: {node: '>=12'}
    cpu: [arm64]
    os: [darwin]
    requiresBuild: true
    dev: true
    optional: true

  /esbuild-freebsd-64@0.15.18:
    resolution: {integrity: sha512-TT3uBUxkteAjR1QbsmvSsjpKjOX6UkCstr8nMr+q7zi3NuZ1oIpa8U41Y8I8dJH2fJgdC3Dj3CXO5biLQpfdZA==}
    engines: {node: '>=12'}
    cpu: [x64]
    os: [freebsd]
    requiresBuild: true
    dev: true
    optional: true

  /esbuild-freebsd-arm64@0.15.18:
    resolution: {integrity: sha512-R/oVr+X3Tkh+S0+tL41wRMbdWtpWB8hEAMsOXDumSSa6qJR89U0S/PpLXrGF7Wk/JykfpWNokERUpCeHDl47wA==}
    engines: {node: '>=12'}
    cpu: [arm64]
    os: [freebsd]
    requiresBuild: true
    dev: true
    optional: true

  /esbuild-linux-32@0.15.18:
    resolution: {integrity: sha512-lphF3HiCSYtaa9p1DtXndiQEeQDKPl9eN/XNoBf2amEghugNuqXNZA/ZovthNE2aa4EN43WroO0B85xVSjYkbg==}
    engines: {node: '>=12'}
    cpu: [ia32]
    os: [linux]
    requiresBuild: true
    dev: true
    optional: true

  /esbuild-linux-64@0.15.18:
    resolution: {integrity: sha512-hNSeP97IviD7oxLKFuii5sDPJ+QHeiFTFLoLm7NZQligur8poNOWGIgpQ7Qf8Balb69hptMZzyOBIPtY09GZYw==}
    engines: {node: '>=12'}
    cpu: [x64]
    os: [linux]
    requiresBuild: true
    dev: true
    optional: true

  /esbuild-linux-arm64@0.15.18:
    resolution: {integrity: sha512-54qr8kg/6ilcxd+0V3h9rjT4qmjc0CccMVWrjOEM/pEcUzt8X62HfBSeZfT2ECpM7104mk4yfQXkosY8Quptug==}
    engines: {node: '>=12'}
    cpu: [arm64]
    os: [linux]
    requiresBuild: true
    dev: true
    optional: true

  /esbuild-linux-arm@0.15.18:
    resolution: {integrity: sha512-UH779gstRblS4aoS2qpMl3wjg7U0j+ygu3GjIeTonCcN79ZvpPee12Qun3vcdxX+37O5LFxz39XeW2I9bybMVA==}
    engines: {node: '>=12'}
    cpu: [arm]
    os: [linux]
    requiresBuild: true
    dev: true
    optional: true

  /esbuild-linux-mips64le@0.15.18:
    resolution: {integrity: sha512-Mk6Ppwzzz3YbMl/ZZL2P0q1tnYqh/trYZ1VfNP47C31yT0K8t9s7Z077QrDA/guU60tGNp2GOwCQnp+DYv7bxQ==}
    engines: {node: '>=12'}
    cpu: [mips64el]
    os: [linux]
    requiresBuild: true
    dev: true
    optional: true

  /esbuild-linux-ppc64le@0.15.18:
    resolution: {integrity: sha512-b0XkN4pL9WUulPTa/VKHx2wLCgvIAbgwABGnKMY19WhKZPT+8BxhZdqz6EgkqCLld7X5qiCY2F/bfpUUlnFZ9w==}
    engines: {node: '>=12'}
    cpu: [ppc64]
    os: [linux]
    requiresBuild: true
    dev: true
    optional: true

  /esbuild-linux-riscv64@0.15.18:
    resolution: {integrity: sha512-ba2COaoF5wL6VLZWn04k+ACZjZ6NYniMSQStodFKH/Pu6RxzQqzsmjR1t9QC89VYJxBeyVPTaHuBMCejl3O/xg==}
    engines: {node: '>=12'}
    cpu: [riscv64]
    os: [linux]
    requiresBuild: true
    dev: true
    optional: true

  /esbuild-linux-s390x@0.15.18:
    resolution: {integrity: sha512-VbpGuXEl5FCs1wDVp93O8UIzl3ZrglgnSQ+Hu79g7hZu6te6/YHgVJxCM2SqfIila0J3k0csfnf8VD2W7u2kzQ==}
    engines: {node: '>=12'}
    cpu: [s390x]
    os: [linux]
    requiresBuild: true
    dev: true
    optional: true

  /esbuild-netbsd-64@0.15.18:
    resolution: {integrity: sha512-98ukeCdvdX7wr1vUYQzKo4kQ0N2p27H7I11maINv73fVEXt2kyh4K4m9f35U1K43Xc2QGXlzAw0K9yoU7JUjOg==}
    engines: {node: '>=12'}
    cpu: [x64]
    os: [netbsd]
    requiresBuild: true
    dev: true
    optional: true

  /esbuild-openbsd-64@0.15.18:
    resolution: {integrity: sha512-yK5NCcH31Uae076AyQAXeJzt/vxIo9+omZRKj1pauhk3ITuADzuOx5N2fdHrAKPxN+zH3w96uFKlY7yIn490xQ==}
    engines: {node: '>=12'}
    cpu: [x64]
    os: [openbsd]
    requiresBuild: true
    dev: true
    optional: true

  /esbuild-sunos-64@0.15.18:
    resolution: {integrity: sha512-On22LLFlBeLNj/YF3FT+cXcyKPEI263nflYlAhz5crxtp3yRG1Ugfr7ITyxmCmjm4vbN/dGrb/B7w7U8yJR9yw==}
    engines: {node: '>=12'}
    cpu: [x64]
    os: [sunos]
    requiresBuild: true
    dev: true
    optional: true

  /esbuild-windows-32@0.15.18:
    resolution: {integrity: sha512-o+eyLu2MjVny/nt+E0uPnBxYuJHBvho8vWsC2lV61A7wwTWC3jkN2w36jtA+yv1UgYkHRihPuQsL23hsCYGcOQ==}
    engines: {node: '>=12'}
    cpu: [ia32]
    os: [win32]
    requiresBuild: true
    dev: true
    optional: true

  /esbuild-windows-64@0.15.18:
    resolution: {integrity: sha512-qinug1iTTaIIrCorAUjR0fcBk24fjzEedFYhhispP8Oc7SFvs+XeW3YpAKiKp8dRpizl4YYAhxMjlftAMJiaUw==}
    engines: {node: '>=12'}
    cpu: [x64]
    os: [win32]
    requiresBuild: true
    dev: true
    optional: true

  /esbuild-windows-arm64@0.15.18:
    resolution: {integrity: sha512-q9bsYzegpZcLziq0zgUi5KqGVtfhjxGbnksaBFYmWLxeV/S1fK4OLdq2DFYnXcLMjlZw2L0jLsk1eGoB522WXQ==}
    engines: {node: '>=12'}
    cpu: [arm64]
    os: [win32]
    requiresBuild: true
    dev: true
    optional: true

  /esbuild@0.15.18:
    resolution: {integrity: sha512-x/R72SmW3sSFRm5zrrIjAhCeQSAWoni3CmHEqfQrZIQTM3lVCdehdwuIqaOtfC2slvpdlLa62GYoN8SxT23m6Q==}
    engines: {node: '>=12'}
    hasBin: true
    requiresBuild: true
    optionalDependencies:
      '@esbuild/android-arm': 0.15.18
      '@esbuild/linux-loong64': 0.15.18
      esbuild-android-64: 0.15.18
      esbuild-android-arm64: 0.15.18
      esbuild-darwin-64: 0.15.18
      esbuild-darwin-arm64: 0.15.18
      esbuild-freebsd-64: 0.15.18
      esbuild-freebsd-arm64: 0.15.18
      esbuild-linux-32: 0.15.18
      esbuild-linux-64: 0.15.18
      esbuild-linux-arm: 0.15.18
      esbuild-linux-arm64: 0.15.18
      esbuild-linux-mips64le: 0.15.18
      esbuild-linux-ppc64le: 0.15.18
      esbuild-linux-riscv64: 0.15.18
      esbuild-linux-s390x: 0.15.18
      esbuild-netbsd-64: 0.15.18
      esbuild-openbsd-64: 0.15.18
      esbuild-sunos-64: 0.15.18
      esbuild-windows-32: 0.15.18
      esbuild-windows-64: 0.15.18
      esbuild-windows-arm64: 0.15.18
    dev: true

  /esbuild@0.19.5:
    resolution: {integrity: sha512-bUxalY7b1g8vNhQKdB24QDmHeY4V4tw/s6Ak5z+jJX9laP5MoQseTOMemAr0gxssjNcH0MCViG8ONI2kksvfFQ==}
    engines: {node: '>=12'}
    hasBin: true
    requiresBuild: true
    optionalDependencies:
      '@esbuild/android-arm': 0.19.5
      '@esbuild/android-arm64': 0.19.5
      '@esbuild/android-x64': 0.19.5
      '@esbuild/darwin-arm64': 0.19.5
      '@esbuild/darwin-x64': 0.19.5
      '@esbuild/freebsd-arm64': 0.19.5
      '@esbuild/freebsd-x64': 0.19.5
      '@esbuild/linux-arm': 0.19.5
      '@esbuild/linux-arm64': 0.19.5
      '@esbuild/linux-ia32': 0.19.5
      '@esbuild/linux-loong64': 0.19.5
      '@esbuild/linux-mips64el': 0.19.5
      '@esbuild/linux-ppc64': 0.19.5
      '@esbuild/linux-riscv64': 0.19.5
      '@esbuild/linux-s390x': 0.19.5
      '@esbuild/linux-x64': 0.19.5
      '@esbuild/netbsd-x64': 0.19.5
      '@esbuild/openbsd-x64': 0.19.5
      '@esbuild/sunos-x64': 0.19.5
      '@esbuild/win32-arm64': 0.19.5
      '@esbuild/win32-ia32': 0.19.5
      '@esbuild/win32-x64': 0.19.5
    dev: true

  /fill-range@7.0.1:
    resolution: {integrity: sha512-qOo9F+dMUmC2Lcb4BbVvnKJxTPjCm+RRpe4gDuGrzkL7mEVl/djYSu2OdQ2Pa302N4oqkSg9ir6jaLWJ2USVpQ==}
    engines: {node: '>=8'}
    dependencies:
      to-regex-range: 5.0.1
    dev: true

  /fsevents@2.3.3:
    resolution: {integrity: sha512-5xoDfX+fL7faATnagmWPpbFtwh/R77WmMMqqHGS65C3vvB0YHrgF+B1YmZ3441tMj5n63k0212XNoJwzlhffQw==}
    engines: {node: ^8.16.0 || ^10.6.0 || >=11.0.0}
    os: [darwin]
    requiresBuild: true
    dev: true
    optional: true

  /glob-parent@5.1.2:
    resolution: {integrity: sha512-AOIgSQCepiJYwP3ARnGx+5VnTu2HBYdzbGP45eLw1vr3zB3vZLeyed1sC9hnbcOc9/SrMyM5RPQrkGz4aS9Zow==}
    engines: {node: '>= 6'}
    dependencies:
      is-glob: 4.0.3
    dev: true

  /has-flag@3.0.0:
    resolution: {integrity: sha512-sKJf1+ceQBr4SMkvQnBDNDtf4TXpVhVGateu0t918bl30FnbE2m4vNLX+VWe/dpjlb+HugGYzW7uQXH98HPEYw==}
    engines: {node: '>=4'}
    dev: true

  /ignore-by-default@1.0.1:
    resolution: {integrity: sha512-Ius2VYcGNk7T90CppJqcIkS5ooHUZyIQK+ClZfMfMNFEF9VSE73Fq+906u/CWu92x4gzZMWOwfFYckPObzdEbA==}
    dev: true

  /is-binary-path@2.1.0:
    resolution: {integrity: sha512-ZMERYes6pDydyuGidse7OsHxtbI7WVeUEozgR/g7rd0xUimYNlvZRE/K2MgZTjWy725IfelLeVcEM97mmtRGXw==}
    engines: {node: '>=8'}
    dependencies:
      binary-extensions: 2.2.0
    dev: true

  /is-extglob@2.1.1:
    resolution: {integrity: sha512-SbKbANkN603Vi4jEZv49LeVJMn4yGwsbzZworEoyEiutsN3nJYdbO36zfhGJ6QEDpOZIFkDtnq5JRxmvl3jsoQ==}
    engines: {node: '>=0.10.0'}
    dev: true

  /is-glob@4.0.3:
    resolution: {integrity: sha512-xelSayHH36ZgE7ZWhli7pW34hNbNl8Ojv5KVmkJD4hBdD3th8Tfk9vYasLM+mXWOZhFkgZfxhLSnrwRr4elSSg==}
    engines: {node: '>=0.10.0'}
    dependencies:
      is-extglob: 2.1.1
    dev: true

  /is-number@7.0.0:
    resolution: {integrity: sha512-41Cifkg6e8TylSpdtTpeLVMqvSBEVzTttHvERD741+pnZ8ANv0004MRL43QKPDlK9cGvNp6NZWZUBlbGXYxxng==}
    engines: {node: '>=0.12.0'}
    dev: true

  /minimatch@3.1.2:
    resolution: {integrity: sha512-J7p63hRiAjw1NDEww1W7i37+ByIrOWO5XQQAzZ3VOcL0PNybwpfmV/N05zFAzwQ9USyEcX6t3UO+K5aqBQOIHw==}
    dependencies:
      brace-expansion: 1.1.11
    dev: true

  /ms@2.1.3:
    resolution: {integrity: sha512-6FlzubTLZG3J2a/NVCAleEhjzq5oxgHyaCU9yYXvcLsvoVaHJq/s5xXI6/XXP6tz7R9xAOtHnSO/tXtF3WRTlA==}
    dev: true

  /nodemon@2.0.22:
    resolution: {integrity: sha512-B8YqaKMmyuCO7BowF1Z1/mkPqLk6cs/l63Ojtd6otKjMx47Dq1utxfRxcavH1I7VSaL8n5BUaoutadnsX3AAVQ==}
    engines: {node: '>=8.10.0'}
    hasBin: true
    requiresBuild: true
    dependencies:
      chokidar: 3.5.3
      debug: 3.2.7(supports-color@5.5.0)
      ignore-by-default: 1.0.1
      minimatch: 3.1.2
      pstree.remy: 1.1.8
      semver: 5.7.2
      simple-update-notifier: 1.1.0
      supports-color: 5.5.0
      touch: 3.1.0
      undefsafe: 2.0.5
    dev: true

  /nopt@1.0.10:
    resolution: {integrity: sha512-NWmpvLSqUrgrAC9HCuxEvb+PSloHpqVu+FqcO4eeF2h5qYRhA7ev6KvelyQAKtegUbC6RypJnlEOhd8vloNKYg==}
    hasBin: true
    dependencies:
      abbrev: 1.1.1
    dev: true

  /normalize-path@3.0.0:
    resolution: {integrity: sha512-6eZs5Ls3WtCisHWp9S2GUy8dqkpGi4BVSz3GaqiE6ezub0512ESztXUwUB6C6IKbQkY2Pnb/mD4WYojCRwcwLA==}
    engines: {node: '>=0.10.0'}
    dev: true

  /picomatch@2.3.1:
    resolution: {integrity: sha512-JU3teHTNjmE2VCGFzuY8EXzCDVwEqB2a8fsIvwaStHhAWJEeVd1o1QD80CU6+ZdEXXSLbSsuLwJjkCBWqRQUVA==}
    engines: {node: '>=8.6'}
    dev: true

  /pstree.remy@1.1.8:
    resolution: {integrity: sha512-77DZwxQmxKnu3aR542U+X8FypNzbfJ+C5XQDk3uWjWxn6151aIMGthWYRXTqT1E5oJvg+ljaa2OJi+VfvCOQ8w==}
    dev: true

  /readdirp@3.6.0:
    resolution: {integrity: sha512-hOS089on8RduqdbhvQ5Z37A0ESjsqz6qnRcffsMU3495FuTdqSm+7bhJ29JvIOsBDEEnan5DPu9t3To9VRlMzA==}
    engines: {node: '>=8.10.0'}
    dependencies:
      picomatch: 2.3.1
    dev: true

  /semver@5.7.2:
    resolution: {integrity: sha512-cBznnQ9KjJqU67B52RMC65CMarK2600WFnbkcaiwWq3xy/5haFJlshgnpjovMVJ+Hff49d8GEn0b87C5pDQ10g==}
    hasBin: true
    dev: true

  /semver@7.0.0:
    resolution: {integrity: sha512-+GB6zVA9LWh6zovYQLALHwv5rb2PHGlJi3lfiqIHxR0uuwCgefcOJc59v9fv1w8GbStwxuuqqAjI9NMAOOgq1A==}
    hasBin: true
    dev: true

  /simple-update-notifier@1.1.0:
    resolution: {integrity: sha512-VpsrsJSUcJEseSbMHkrsrAVSdvVS5I96Qo1QAQ4FxQ9wXFcB+pjj7FB7/us9+GcgfW4ziHtYMc1J0PLczb55mg==}
    engines: {node: '>=8.10.0'}
    dependencies:
      semver: 7.0.0
    dev: true

  /supports-color@5.5.0:
    resolution: {integrity: sha512-QjVjwdXIt408MIiAqCX4oUKsgU2EqAGzs2Ppkm4aQYbjm+ZEWEcW4SfFNTr4uMNZma0ey4f5lgLrkB0aX0QMow==}
    engines: {node: '>=4'}
    dependencies:
      has-flag: 3.0.0
    dev: true

  /to-regex-range@5.0.1:
    resolution: {integrity: sha512-65P7iz6X5yEr1cwcgvQxbbIw7Uk3gOy5dIdtZ4rDveLqhrdJP+Li/Hx6tyK0NEb+2GCyneCMJiGqrADCSNk8sQ==}
    engines: {node: '>=8.0'}
    dependencies:
      is-number: 7.0.0
    dev: true

  /touch@3.1.0:
    resolution: {integrity: sha512-WBx8Uy5TLtOSRtIq+M03/sKDrXCLHxwDcquSP2c43Le03/9serjQBIztjRz6FkJez9D/hleyAXTBGLwwZUw9lA==}
    hasBin: true
    dependencies:
      nopt: 1.0.10
    dev: true

  /tsm@2.3.0:
    resolution: {integrity: sha512-++0HFnmmR+gMpDtKTnW3XJ4yv9kVGi20n+NfyQWB9qwJvTaIWY9kBmzek2YUQK5APTQ/1DTrXmm4QtFPmW9Rzw==}
    engines: {node: '>=12'}
    hasBin: true
    dependencies:
      esbuild: 0.15.18
    dev: true

  /typescript@4.9.5:
    resolution: {integrity: sha512-1FXk9E2Hm+QzZQ7z+McJiHL4NW1F2EzMu9Nq9i3zAaGqibafqYwCVU6WyWAuyQRRzOlxou8xZSyXLEN8oKj24g==}
    engines: {node: '>=4.2.0'}
    hasBin: true
    dev: true

  /undefsafe@2.0.5:
    resolution: {integrity: sha512-WxONCrssBM8TSPRqN5EmsjVrsv4A8X12J4ArBiiayv3DyyG3ZlIg6yysuuSYdZsVz3TKcTg2fd//Ujd4CHV1iA==}
    dev: true
